# This file is automatically @generated by Cargo.
# It is not intended for manual editing.
version = 4

[[package]]
name = "integrity-bench"
version = "0.0.0"
dependencies = [
 "integrity-core",
 "integrity-index",
 "integrity-types",
 "integrity-validator",
]

[[package]]
name = "integrity-cli"
version = "0.0.0"

[[package]]
name = "integrity-core"
version = "0.0.0"
dependencies = [
 "integrity-types",
]

[[package]]
name = "integrity-iceberg"
version = "0.0.0"
dependencies = [
 "integrity-core",
 "integrity-types",
]

[[package]]
name = "integrity-index"
version = "0.0.0"
dependencies = [
 "integrity-core",
 "integrity-types",
]

[[package]]
name = "integrity-reference"
version = "0.0.0"
dependencies = [
 "integrity-core",
 "integrity-types",
]

[[package]]
name = "integrity-server"
version = "0.0.0"
dependencies = [
 "integrity-core",
 "integrity-iceberg",
 "integrity-index",
 "integrity-txn",
 "integrity-types",
 "integrity-validator",
]

[[package]]
name = "integrity-txn"
version = "0.0.0"
dependencies = [
 "integrity-core",
 "integrity-index",
 "integrity-types",
]

[[package]]
name = "integrity-types"
version = "0.0.0"

[[package]]
name = "integrity-validator"
version = "0.0.0"
dependencies = [
 "integrity-core",
 "integrity-index",
 "integrity-types",
]
